
Microsoft Visual Studio Solution File, Format Version 12.00
# Visual Studio Version 17
VisualStudioVersion = 17.5.33424.131
MinimumVisualStudioVersion = 10.0.40219.1
Project("{888888A0-9F3D-457C-B088-3A5042F75D52}") = "TkinterGUI_2023-03-24", "TkinterGUI_2023-03-24.pyproj", "{6BCFC096-A54D-4844-B2AD-F16430C09828}"
EndProject
Global
	GlobalSection(SolutionConfigurationPlatforms) = preSolution
		Debug|Any CPU = Debug|Any CPU
		Release|Any CPU = Release|Any CPU
	EndGlobalSection
	GlobalSection(ProjectConfigurationPlatforms) = postSolution
		{6BCFC096-A54D-4844-B2AD-F16430C09828}.Debug|Any CPU.ActiveCfg = Debug|Any CPU
		{6BCFC096-A54D-4844-B2AD-F16430C09828}.Release|Any CPU.ActiveCfg = Release|Any CPU
	EndGlobalSection
	GlobalSection(SolutionProperties) = preSolution
		HideSolutionNode = FALSE
	EndGlobalSection
	GlobalSection(ExtensibilityGlobals) = postSolution
		SolutionGuid = {42DD9181-1760-40DA-936D-70976FB5FCF1}
	EndGlobalSection
EndGlobal
